
Microsoft Visual Studio Solution File, Format Version 12.00
# Visual Studio Version 17
VisualStudioVersion = 17.13.35806.99 d17.13
MinimumVisualStudioVersion = 10.0.40219.1
Project("{FAE04EC0-301F-11D3-BF4B-00C04F79EFBC}") = "speedtest", "speedtest\speedtest.csproj", "{7306B6D4-576F-42AC-AE8A-E83D41C7C9DC}"
EndProject
Global
	GlobalSection(SolutionConfigurationPlatforms) = preSolution
		Debug|Any CPU = Debug|Any CPU
		Release|Any CPU = Release|Any CPU
	EndGlobalSection
	GlobalSection(ProjectConfigurationPlatforms) = postSolution
		{7306B6D4-576F-42AC-AE8A-E83D41C7C9DC}.Debug|Any CPU.ActiveCfg = Debug|Any CPU
		{7306B6D4-576F-42AC-AE8A-E83D41C7C9DC}.Debug|Any CPU.Build.0 = Debug|Any CPU
		{7306B6D4-576F-42AC-AE8A-E83D41C7C9DC}.Release|Any CPU.ActiveCfg = Release|Any CPU
		{7306B6D4-576F-42AC-AE8A-E83D41C7C9DC}.Release|Any CPU.Build.0 = Release|Any CPU
	EndGlobalSection
	GlobalSection(SolutionProperties) = preSolution
		HideSolutionNode = FALSE
	EndGlobalSection
	GlobalSection(ExtensibilityGlobals) = postSolution
		SolutionGuid = {A91E288E-BD90-4E8F-A7ED-AB2EE89DC9EA}
	EndGlobalSection
EndGlobal
