
Microsoft Visual Studio Solution File, Format Version 12.00
# Visual Studio Version 17
VisualStudioVersion = 17.13.35806.99 d17.13
MinimumVisualStudioVersion = 10.0.40219.1
Project("{E24C65DC-7377-472B-9ABA-BC803B73C61A}") = "Website_SysDev", "http://localhost:51975", "{0B15043B-AC73-1D9E-2AB5-C5DE9AB47690}"
	ProjectSection(WebsiteProperties) = preProject
		UseIISExpress = "true"
		TargetFrameworkMoniker = ".NETFramework,Version%3Dv4.8"
		Debug.AspNetCompiler.VirtualPath = "/localhost_51975"
		Debug.AspNetCompiler.PhysicalPath = "..\..\..\Documents\My Web Sites\Website_SysDev\"
		Debug.AspNetCompiler.TargetPath = "PrecompiledWeb\localhost_51975\"
		Debug.AspNetCompiler.Updateable = "true"
		Debug.AspNetCompiler.ForceOverwrite = "true"
		Debug.AspNetCompiler.FixedNames = "false"
		Debug.AspNetCompiler.Debug = "True"
		Release.AspNetCompiler.VirtualPath = "/localhost_51975"
		Release.AspNetCompiler.PhysicalPath = "..\..\..\Documents\My Web Sites\Website_SysDev\"
		Release.AspNetCompiler.TargetPath = "PrecompiledWeb\localhost_51975\"
		Release.AspNetCompiler.Updateable = "true"
		Release.AspNetCompiler.ForceOverwrite = "true"
		Release.AspNetCompiler.FixedNames = "false"
		Release.AspNetCompiler.Debug = "False"
		SlnRelativePath = "..\..\..\Documents\My Web Sites\Website_SysDev\"
	EndProjectSection
EndProject
Global
	GlobalSection(SolutionConfigurationPlatforms) = preSolution
		Debug|Any CPU = Debug|Any CPU
	EndGlobalSection
	GlobalSection(ProjectConfigurationPlatforms) = postSolution
		{0B15043B-AC73-1D9E-2AB5-C5DE9AB47690}.Debug|Any CPU.ActiveCfg = Debug|Any CPU
		{0B15043B-AC73-1D9E-2AB5-C5DE9AB47690}.Debug|Any CPU.Build.0 = Debug|Any CPU
	EndGlobalSection
	GlobalSection(SolutionProperties) = preSolution
		HideSolutionNode = FALSE
	EndGlobalSection
	GlobalSection(ExtensibilityGlobals) = postSolution
		SolutionGuid = {B202051B-9E56-47FE-BF0A-FDE0175A390C}
	EndGlobalSection
EndGlobal
