
Microsoft Visual Studio Solution File, Format Version 12.00
# Visual Studio Version 17
VisualStudioVersion = 17.13.35806.99 d17.13
MinimumVisualStudioVersion = 10.0.40219.1
Project("{FAE04EC0-301F-11D3-BF4B-00C04F79EFBC}") = "GuessTheColor", "GuessTheColor\GuessTheColor.csproj", "{83249C32-88EE-45B7-8C56-4EF57494F86C}"
EndProject
Global
	GlobalSection(SolutionConfigurationPlatforms) = preSolution
		Debug|Any CPU = Debug|Any CPU
		Release|Any CPU = Release|Any CPU
	EndGlobalSection
	GlobalSection(ProjectConfigurationPlatforms) = postSolution
		{83249C32-88EE-45B7-8C56-4EF57494F86C}.Debug|Any CPU.ActiveCfg = Debug|Any CPU
		{83249C32-88EE-45B7-8C56-4EF57494F86C}.Debug|Any CPU.Build.0 = Debug|Any CPU
		{83249C32-88EE-45B7-8C56-4EF57494F86C}.Release|Any CPU.ActiveCfg = Release|Any CPU
		{83249C32-88EE-45B7-8C56-4EF57494F86C}.Release|Any CPU.Build.0 = Release|Any CPU
	EndGlobalSection
	GlobalSection(SolutionProperties) = preSolution
		HideSolutionNode = FALSE
	EndGlobalSection
	GlobalSection(ExtensibilityGlobals) = postSolution
		SolutionGuid = {B99C16D5-C209-4B51-AA94-B6532F61F242}
	EndGlobalSection
EndGlobal
