
Microsoft Visual Studio Solution File, Format Version 12.00
# Visual Studio Version 17
VisualStudioVersion = 17.13.35806.99 d17.13
MinimumVisualStudioVersion = 10.0.40219.1
Project("{FAE04EC0-301F-11D3-BF4B-00C04F79EFBC}") = "VacuumCleaner", "VacuumCleaner\VacuumCleaner.csproj", "{B8403F4A-D9EA-4A73-AB73-FC89AC764F7E}"
EndProject
Global
	GlobalSection(SolutionConfigurationPlatforms) = preSolution
		Debug|Any CPU = Debug|Any CPU
		Release|Any CPU = Release|Any CPU
	EndGlobalSection
	GlobalSection(ProjectConfigurationPlatforms) = postSolution
		{B8403F4A-D9EA-4A73-AB73-FC89AC764F7E}.Debug|Any CPU.ActiveCfg = Debug|Any CPU
		{B8403F4A-D9EA-4A73-AB73-FC89AC764F7E}.Debug|Any CPU.Build.0 = Debug|Any CPU
		{B8403F4A-D9EA-4A73-AB73-FC89AC764F7E}.Release|Any CPU.ActiveCfg = Release|Any CPU
		{B8403F4A-D9EA-4A73-AB73-FC89AC764F7E}.Release|Any CPU.Build.0 = Release|Any CPU
	EndGlobalSection
	GlobalSection(SolutionProperties) = preSolution
		HideSolutionNode = FALSE
	EndGlobalSection
	GlobalSection(ExtensibilityGlobals) = postSolution
		SolutionGuid = {11261888-169C-4300-A7CF-8DA7C06CBF11}
	EndGlobalSection
EndGlobal
