
Microsoft Visual Studio Solution File, Format Version 12.00
# Visual Studio Version 17
VisualStudioVersion = 17.13.35806.99 d17.13
MinimumVisualStudioVersion = 10.0.40219.1
Project("{FAE04EC0-301F-11D3-BF4B-00C04F79EFBC}") = "LoopTest2_While-Loop", "LoopTest2_While-Loop\LoopTest2_While-Loop.csproj", "{CBBA0EF9-352F-4A2F-AB57-09E84BE7EE4A}"
EndProject
Global
	GlobalSection(SolutionConfigurationPlatforms) = preSolution
		Debug|Any CPU = Debug|Any CPU
		Release|Any CPU = Release|Any CPU
	EndGlobalSection
	GlobalSection(ProjectConfigurationPlatforms) = postSolution
		{CBBA0EF9-352F-4A2F-AB57-09E84BE7EE4A}.Debug|Any CPU.ActiveCfg = Debug|Any CPU
		{CBBA0EF9-352F-4A2F-AB57-09E84BE7EE4A}.Debug|Any CPU.Build.0 = Debug|Any CPU
		{CBBA0EF9-352F-4A2F-AB57-09E84BE7EE4A}.Release|Any CPU.ActiveCfg = Release|Any CPU
		{CBBA0EF9-352F-4A2F-AB57-09E84BE7EE4A}.Release|Any CPU.Build.0 = Release|Any CPU
	EndGlobalSection
	GlobalSection(SolutionProperties) = preSolution
		HideSolutionNode = FALSE
	EndGlobalSection
	GlobalSection(ExtensibilityGlobals) = postSolution
		SolutionGuid = {E00835DE-531C-47ED-85BB-4B807FC09BE6}
	EndGlobalSection
EndGlobal
