
Microsoft Visual Studio Solution File, Format Version 12.00
# Visual Studio Version 17
VisualStudioVersion = 17.13.35806.99 d17.13
MinimumVisualStudioVersion = 10.0.40219.1
Project("{FAE04EC0-301F-11D3-BF4B-00C04F79EFBC}") = "SpeedCalc_Attempt2", "SpeedCalc_Attempt2\SpeedCalc_Attempt2.csproj", "{D270A98C-C8A7-4992-A9FD-7BB46287AF6A}"
EndProject
Global
	GlobalSection(SolutionConfigurationPlatforms) = preSolution
		Debug|Any CPU = Debug|Any CPU
		Release|Any CPU = Release|Any CPU
	EndGlobalSection
	GlobalSection(ProjectConfigurationPlatforms) = postSolution
		{D270A98C-C8A7-4992-A9FD-7BB46287AF6A}.Debug|Any CPU.ActiveCfg = Debug|Any CPU
		{D270A98C-C8A7-4992-A9FD-7BB46287AF6A}.Debug|Any CPU.Build.0 = Debug|Any CPU
		{D270A98C-C8A7-4992-A9FD-7BB46287AF6A}.Release|Any CPU.ActiveCfg = Release|Any CPU
		{D270A98C-C8A7-4992-A9FD-7BB46287AF6A}.Release|Any CPU.Build.0 = Release|Any CPU
	EndGlobalSection
	GlobalSection(SolutionProperties) = preSolution
		HideSolutionNode = FALSE
	EndGlobalSection
	GlobalSection(ExtensibilityGlobals) = postSolution
		SolutionGuid = {4E789998-33E8-4D03-82B9-C5F91D920934}
	EndGlobalSection
EndGlobal
